// !$*UTF8*$!
{
	archiveVersion = 1;
	classes = {
	};
	objectVersion = 56;
	objects = {

/* Begin PBXBuildFile section */
		1B39DF7029F1051200E63AD0 /* AppDelegate.swift in Sources */ = {isa = PBXBuildFile; fileRef = 1B39DF6F29F1051200E63AD0 /* AppDelegate.swift */; };
		1B39DF7229F1051200E63AD0 /* SceneDelegate.swift in Sources */ = {isa = PBXBuildFile; fileRef = 1B39DF7129F1051200E63AD0 /* SceneDelegate.swift */; };
		1B39DF7729F1051200E63AD0 /* Main.storyboard in Resources */ = {isa = PBXBuildFile; fileRef = 1B39DF7529F1051200E63AD0 /* Main.storyboard */; };
		1B39DF7929F1051300E63AD0 /* Assets.xcassets in Resources */ = {isa = PBXBuildFile; fileRef = 1B39DF7829F1051300E63AD0 /* Assets.xcassets */; };
		1B39DF7C29F1051300E63AD0 /* LaunchScreen.storyboard in Resources */ = {isa = PBXBuildFile; fileRef = 1B39DF7A29F1051300E63AD0 /* LaunchScreen.storyboard */; };
		1B53087C29F7AE6A0084ABE1 /* Developer.storyboard in Resources */ = {isa = PBXBuildFile; fileRef = 1B53087B29F7AE6A0084ABE1 /* Developer.storyboard */; };
		1B544DDF29F2C64000A0B798 /* AdvancedLayout.storyboard in Resources */ = {isa = PBXBuildFile; fileRef = 1B544DDE29F2C64000A0B798 /* AdvancedLayout.storyboard */; };
		1BD2C8AC2A0CC61F00ADFF77 /* BaseViewController.swift in Sources */ = {isa = PBXBuildFile; fileRef = 1BD2C8AB2A0CC61F00ADFF77 /* BaseViewController.swift */; };
		1BDACF8329F6796F0010D954 /* Notification.storyboard in Resources */ = {isa = PBXBuildFile; fileRef = 1BDACF8229F6796F0010D954 /* Notification.storyboard */; };
/* End PBXBuildFile section */

/* Begin PBXFileReference section */
		1B39DF6C29F1051200E63AD0 /* AutoLayout.app */ = {isa = PBXFileReference; explicitFileType = wrapper.application; includeInIndex = 0; path = AutoLayout.app; sourceTree = BUILT_PRODUCTS_DIR; };
		1B39DF6F29F1051200E63AD0 /* AppDelegate.swift */ = {isa = PBXFileReference; lastKnownFileType = sourcecode.swift; path = AppDelegate.swift; sourceTree = "<group>"; };
		1B39DF7129F1051200E63AD0 /* SceneDelegate.swift */ = {isa = PBXFileReference; lastKnownFileType = sourcecode.swift; path = SceneDelegate.swift; sourceTree = "<group>"; };
		1B39DF7629F1051200E63AD0 /* Base */ = {isa = PBXFileReference; lastKnownFileType = file.storyboard; name = Base; path = Base.lproj/Main.storyboard; sourceTree = "<group>"; };
		1B39DF7829F1051300E63AD0 /* Assets.xcassets */ = {isa = PBXFileReference; lastKnownFileType = folder.assetcatalog; path = Assets.xcassets; sourceTree = "<group>"; };
		1B39DF7B29F1051300E63AD0 /* Base */ = {isa = PBXFileReference; lastKnownFileType = file.storyboard; name = Base; path = Base.lproj/LaunchScreen.storyboard; sourceTree = "<group>"; };
		1B39DF7D29F1051300E63AD0 /* Info.plist */ = {isa = PBXFileReference; lastKnownFileType = text.plist.xml; path = Info.plist; sourceTree = "<group>"; };
		1B53087B29F7AE6A0084ABE1 /* Developer.storyboard */ = {isa = PBXFileReference; lastKnownFileType = file.storyboard; path = Developer.storyboard; sourceTree = "<group>"; };
		1B544DDE29F2C64000A0B798 /* AdvancedLayout.storyboard */ = {isa = PBXFileReference; lastKnownFileType = file.storyboard; path = AdvancedLayout.storyboard; sourceTree = "<group>"; };
		1BD2C8AB2A0CC61F00ADFF77 /* BaseViewController.swift */ = {isa = PBXFileReference; lastKnownFileType = sourcecode.swift; path = BaseViewController.swift; sourceTree = "<group>"; };
		1BD2C8B12A0CC6C000ADFF77 /* Avenir-Roman.otf */ = {isa = PBXFileReference; lastKnownFileType = file; path = "Avenir-Roman.otf"; sourceTree = "<group>"; };
		1BD2C8B22A0CC6C000ADFF77 /* AvenirLTStd-LightOblique.otf */ = {isa = PBXFileReference; lastKnownFileType = file; path = "AvenirLTStd-LightOblique.otf"; sourceTree = "<group>"; };
		1BD2C8B32A0CC6C000ADFF77 /* AvenirLTStd-HeavyOblique.otf */ = {isa = PBXFileReference; lastKnownFileType = file; path = "AvenirLTStd-HeavyOblique.otf"; sourceTree = "<group>"; };
		1BD2C8B42A0CC6C000ADFF77 /* AvenirLTStd-BookOblique.otf */ = {isa = PBXFileReference; lastKnownFileType = file; path = "AvenirLTStd-BookOblique.otf"; sourceTree = "<group>"; };
		1BD2C8B52A0CC6C000ADFF77 /* AvenirLTStd-BlackOblique.otf */ = {isa = PBXFileReference; lastKnownFileType = file; path = "AvenirLTStd-BlackOblique.otf"; sourceTree = "<group>"; };
		1BD2C8B62A0CC6C000ADFF77 /* AvenirLTStd-MediumOblique.otf */ = {isa = PBXFileReference; lastKnownFileType = file; path = "AvenirLTStd-MediumOblique.otf"; sourceTree = "<group>"; };
		1BD2C8B72A0CC6C000ADFF77 /* AvenirLTStd-Oblique.otf */ = {isa = PBXFileReference; lastKnownFileType = file; path = "AvenirLTStd-Oblique.otf"; sourceTree = "<group>"; };
		1BD2C8B82A0CC6C000ADFF77 /* AvenirLTStd-Medium.otf */ = {isa = PBXFileReference; lastKnownFileType = file; path = "AvenirLTStd-Medium.otf"; sourceTree = "<group>"; };
		1BD2C8B92A0CC6C100ADFF77 /* AvenirLTStd-Heavy.otf */ = {isa = PBXFileReference; lastKnownFileType = file; path = "AvenirLTStd-Heavy.otf"; sourceTree = "<group>"; };
		1BD2C8BA2A0CC6C100ADFF77 /* AvenirLTStd-Black.otf */ = {isa = PBXFileReference; lastKnownFileType = file; path = "AvenirLTStd-Black.otf"; sourceTree = "<group>"; };
		1BD2C8BB2A0CC6C100ADFF77 /* AvenirLTStd-Book.otf */ = {isa = PBXFileReference; lastKnownFileType = file; path = "AvenirLTStd-Book.otf"; sourceTree = "<group>"; };
		1BD2C8BC2A0CC6C100ADFF77 /* AvenirLTStd-Light.otf */ = {isa = PBXFileReference; lastKnownFileType = file; path = "AvenirLTStd-Light.otf"; sourceTree = "<group>"; };
		1BDACF8229F6796F0010D954 /* Notification.storyboard */ = {isa = PBXFileReference; lastKnownFileType = file.storyboard; path = Notification.storyboard; sourceTree = "<group>"; };
/* End PBXFileReference section */

/* Begin PBXFrameworksBuildPhase section */
		1B39DF6929F1051200E63AD0 /* Frameworks */ = {
			isa = PBXFrameworksBuildPhase;
			buildActionMask = 2147483647;
			files = (
			);
			runOnlyForDeploymentPostprocessing = 0;
		};
/* End PBXFrameworksBuildPhase section */

/* Begin PBXGroup section */
		1B39DF6329F1051200E63AD0 = {
			isa = PBXGroup;
			children = (
				1B39DF6E29F1051200E63AD0 /* AutoLayout */,
				1B39DF6D29F1051200E63AD0 /* Products */,
			);
			sourceTree = "<group>";
		};
		1B39DF6D29F1051200E63AD0 /* Products */ = {
			isa = PBXGroup;
			children = (
				1B39DF6C29F1051200E63AD0 /* AutoLayout.app */,
			);
			name = Products;
			sourceTree = "<group>";
		};
		1B39DF6E29F1051200E63AD0 /* AutoLayout */ = {
			isa = PBXGroup;
			children = (
				1B39DF8329F1089E00E63AD0 /* AppDelegate */,
				1BD2C8AE2A0CC6A400ADFF77 /* Resource */,
				1B39DF8429F181C500E63AD0 /* Views */,
				1BD2C8A92A0CC5E400ADFF77 /* ViewController */,
			);
			path = AutoLayout;
			sourceTree = "<group>";
		};
		1B39DF8329F1089E00E63AD0 /* AppDelegate */ = {
			isa = PBXGroup;
			children = (
				1B39DF7129F1051200E63AD0 /* SceneDelegate.swift */,
				1B39DF6F29F1051200E63AD0 /* AppDelegate.swift */,
			);
			path = AppDelegate;
			sourceTree = "<group>";
		};
		1B39DF8429F181C500E63AD0 /* Views */ = {
			isa = PBXGroup;
			children = (
				1BD2C8A62A0CC4DE00ADFF77 /* Storyboard */,
			);
			path = Views;
			sourceTree = "<group>";
		};
		1BD2C8A62A0CC4DE00ADFF77 /* Storyboard */ = {
			isa = PBXGroup;
			children = (
				1B39DF7A29F1051300E63AD0 /* LaunchScreen.storyboard */,
				1B39DF7529F1051200E63AD0 /* Main.storyboard */,
				1B544DDE29F2C64000A0B798 /* AdvancedLayout.storyboard */,
				1BDACF8229F6796F0010D954 /* Notification.storyboard */,
				1B53087B29F7AE6A0084ABE1 /* Developer.storyboard */,
			);
			path = Storyboard;
			sourceTree = "<group>";
		};
		1BD2C8A92A0CC5E400ADFF77 /* ViewController */ = {
			isa = PBXGroup;
			children = (
				1BD2C8AA2A0CC5F600ADFF77 /* BaseViewController */,
			);
			path = ViewController;
			sourceTree = "<group>";
		};
		1BD2C8AA2A0CC5F600ADFF77 /* BaseViewController */ = {
			isa = PBXGroup;
			children = (
				1BD2C8AB2A0CC61F00ADFF77 /* BaseViewController.swift */,
			);
			path = BaseViewController;
			sourceTree = "<group>";
		};
		1BD2C8AE2A0CC6A400ADFF77 /* Resource */ = {
			isa = PBXGroup;
			children = (
				1B39DF7829F1051300E63AD0 /* Assets.xcassets */,
				1B39DF7D29F1051300E63AD0 /* Info.plist */,
				1BD2C8AF2A0CC6C000ADFF77 /* Font */,
			);
			path = Resource;
			sourceTree = "<group>";
		};
		1BD2C8AF2A0CC6C000ADFF77 /* Font */ = {
			isa = PBXGroup;
			children = (
				1BD2C8B02A0CC6C000ADFF77 /* avenir */,
			);
			path = Font;
			sourceTree = "<group>";
		};
		1BD2C8B02A0CC6C000ADFF77 /* avenir */ = {
			isa = PBXGroup;
			children = (
				1BD2C8B72A0CC6C000ADFF77 /* AvenirLTStd-Oblique.otf */,
				1BD2C8B42A0CC6C000ADFF77 /* AvenirLTStd-BookOblique.otf */,
				1BD2C8B12A0CC6C000ADFF77 /* Avenir-Roman.otf */,
				1BD2C8B82A0CC6C000ADFF77 /* AvenirLTStd-Medium.otf */,
				1BD2C8B22A0CC6C000ADFF77 /* AvenirLTStd-LightOblique.otf */,
				1BD2C8B92A0CC6C100ADFF77 /* AvenirLTStd-Heavy.otf */,
				1BD2C8B32A0CC6C000ADFF77 /* AvenirLTStd-HeavyOblique.otf */,
				1BD2C8BC2A0CC6C100ADFF77 /* AvenirLTStd-Light.otf */,
				1BD2C8B52A0CC6C000ADFF77 /* AvenirLTStd-BlackOblique.otf */,
				1BD2C8BA2A0CC6C100ADFF77 /* AvenirLTStd-Black.otf */,
				1BD2C8B62A0CC6C000ADFF77 /* AvenirLTStd-MediumOblique.otf */,
				1BD2C8BB2A0CC6C100ADFF77 /* AvenirLTStd-Book.otf */,
			);
			path = avenir;
			sourceTree = "<group>";
		};
/* End PBXGroup section */

/* Begin PBXNativeTarget section */
		1B39DF6B29F1051200E63AD0 /* AutoLayout */ = {
			isa = PBXNativeTarget;
			buildConfigurationList = 1B39DF8029F1051300E63AD0 /* Build configuration list for PBXNativeTarget "AutoLayout" */;
			buildPhases = (
				1B39DF6829F1051200E63AD0 /* Sources */,
				1B39DF6929F1051200E63AD0 /* Frameworks */,
				1B39DF6A29F1051200E63AD0 /* Resources */,
			);
			buildRules = (
			);
			dependencies = (
			);
			name = AutoLayout;
			productName = AutoLayout;
			productReference = 1B39DF6C29F1051200E63AD0 /* AutoLayout.app */;
			productType = "com.apple.product-type.application";
		};
/* End PBXNativeTarget section */

/* Begin PBXProject section */
		1B39DF6429F1051200E63AD0 /* Project object */ = {
			isa = PBXProject;
			attributes = {
				BuildIndependentTargetsInParallel = 1;
				LastSwiftUpdateCheck = 1420;
				LastUpgradeCheck = 1420;
				TargetAttributes = {
					1B39DF6B29F1051200E63AD0 = {
						CreatedOnToolsVersion = 14.2;
					};
				};
			};
			buildConfigurationList = 1B39DF6729F1051200E63AD0 /* Build configuration list for PBXProject "AutoLayout" */;
			compatibilityVersion = "Xcode 14.0";
			developmentRegion = en;
			hasScannedForEncodings = 0;
			knownRegions = (
				en,
				Base,
			);
			mainGroup = 1B39DF6329F1051200E63AD0;
			productRefGroup = 1B39DF6D29F1051200E63AD0 /* Products */;
			projectDirPath = "";
			projectRoot = "";
			targets = (
				1B39DF6B29F1051200E63AD0 /* AutoLayout */,
			);
		};
/* End PBXProject section */

/* Begin PBXResourcesBuildPhase section */
		1B39DF6A29F1051200E63AD0 /* Resources */ = {
			isa = PBXResourcesBuildPhase;
			buildActionMask = 2147483647;
			files = (
				1B39DF7C29F1051300E63AD0 /* LaunchScreen.storyboard in Resources */,
				1B544DDF29F2C64000A0B798 /* AdvancedLayout.storyboard in Resources */,
				1B39DF7929F1051300E63AD0 /* Assets.xcassets in Resources */,
				1B39DF7729F1051200E63AD0 /* Main.storyboard in Resources */,
				1B53087C29F7AE6A0084ABE1 /* Developer.storyboard in Resources */,
				1BDACF8329F6796F0010D954 /* Notification.storyboard in Resources */,
			);
			runOnlyForDeploymentPostprocessing = 0;
		};
/* End PBXResourcesBuildPhase section */

/* Begin PBXSourcesBuildPhase section */
		1B39DF6829F1051200E63AD0 /* Sources */ = {
			isa = PBXSourcesBuildPhase;
			buildActionMask = 2147483647;
			files = (
				1BD2C8AC2A0CC61F00ADFF77 /* BaseViewController.swift in Sources */,
				1B39DF7029F1051200E63AD0 /* AppDelegate.swift in Sources */,
				1B39DF7229F1051200E63AD0 /* SceneDelegate.swift in Sources */,
			);
			runOnlyForDeploymentPostprocessing = 0;
		};
/* End PBXSourcesBuildPhase section */

/* Begin PBXVariantGroup section */
		1B39DF7529F1051200E63AD0 /* Main.storyboard */ = {
			isa = PBXVariantGroup;
			children = (
				1B39DF7629F1051200E63AD0 /* Base */,
			);
			name = Main.storyboard;
			sourceTree = "<group>";
		};
		1B39DF7A29F1051300E63AD0 /* LaunchScreen.storyboard */ = {
			isa = PBXVariantGroup;
			children = (
				1B39DF7B29F1051300E63AD0 /* Base */,
			);
			name = LaunchScreen.storyboard;
			sourceTree = "<group>";
		};
/* End PBXVariantGroup section */

/* Begin XCBuildConfiguration section */
		1B39DF7E29F1051300E63AD0 /* Debug */ = {
			isa = XCBuildConfiguration;
			buildSettings = {
				ALWAYS_SEARCH_USER_PATHS = NO;
				CLANG_ANALYZER_NONNULL = YES;
				CLANG_ANALYZER_NUMBER_OBJECT_CONVERSION = YES_AGGRESSIVE;
				CLANG_CXX_LANGUAGE_STANDARD = "gnu++20";
				CLANG_ENABLE_MODULES = YES;
				CLANG_ENABLE_OBJC_ARC = YES;
				CLANG_ENABLE_OBJC_WEAK = YES;
				CLANG_WARN_BLOCK_CAPTURE_AUTORELEASING = YES;
				CLANG_WARN_BOOL_CONVERSION = YES;
				CLANG_WARN_COMMA = YES;
				CLANG_WARN_CONSTANT_CONVERSION = YES;
				CLANG_WARN_DEPRECATED_OBJC_IMPLEMENTATIONS = YES;
				CLANG_WARN_DIRECT_OBJC_ISA_USAGE = YES_ERROR;
				CLANG_WARN_DOCUMENTATION_COMMENTS = YES;
				CLANG_WARN_EMPTY_BODY = YES;
				CLANG_WARN_ENUM_CONVERSION = YES;
				CLANG_WARN_INFINITE_RECURSION = YES;
				CLANG_WARN_INT_CONVERSION = YES;
				CLANG_WARN_NON_LITERAL_NULL_CONVERSION = YES;
				CLANG_WARN_OBJC_IMPLICIT_RETAIN_SELF = YES;
				CLANG_WARN_OBJC_LITERAL_CONVERSION = YES;
				CLANG_WARN_OBJC_ROOT_CLASS = YES_ERROR;
				CLANG_WARN_QUOTED_INCLUDE_IN_FRAMEWORK_HEADER = YES;
				CLANG_WARN_RANGE_LOOP_ANALYSIS = YES;
				CLANG_WARN_STRICT_PROTOTYPES = YES;
				CLANG_WARN_SUSPICIOUS_MOVE = YES;
				CLANG_WARN_UNGUARDED_AVAILABILITY = YES_AGGRESSIVE;
				CLANG_WARN_UNREACHABLE_CODE = YES;
				CLANG_WARN__DUPLICATE_METHOD_MATCH = YES;
				COPY_PHASE_STRIP = NO;
				DEBUG_INFORMATION_FORMAT = dwarf;
				ENABLE_STRICT_OBJC_MSGSEND = YES;
				ENABLE_TESTABILITY = YES;
				GCC_C_LANGUAGE_STANDARD = gnu11;
				GCC_DYNAMIC_NO_PIC = NO;
				GCC_NO_COMMON_BLOCKS = YES;
				GCC_OPTIMIZATION_LEVEL = 0;
				GCC_PREPROCESSOR_DEFINITIONS = (
					"DEBUG=1",
					"$(inherited)",
				);
				GCC_WARN_64_TO_32_BIT_CONVERSION = YES;
				GCC_WARN_ABOUT_RETURN_TYPE = YES_ERROR;
				GCC_WARN_UNDECLARED_SELECTOR = YES;
				GCC_WARN_UNINITIALIZED_AUTOS = YES_AGGRESSIVE;
				GCC_WARN_UNUSED_FUNCTION = YES;
				GCC_WARN_UNUSED_VARIABLE = YES;
				IPHONEOS_DEPLOYMENT_TARGET = 16.2;
				MTL_ENABLE_DEBUG_INFO = INCLUDE_SOURCE;
				MTL_FAST_MATH = YES;
				ONLY_ACTIVE_ARCH = YES;
				SDKROOT = iphoneos;
				SWIFT_ACTIVE_COMPILATION_CONDITIONS = DEBUG;
				SWIFT_OPTIMIZATION_LEVEL = "-Onone";
			};
			name = Debug;
		};
		1B39DF7F29F1051300E63AD0 /* Release */ = {
			isa = XCBuildConfiguration;
			buildSettings = {
				ALWAYS_SEARCH_USER_PATHS = NO;
				CLANG_ANALYZER_NONNULL = YES;
				CLANG_ANALYZER_NUMBER_OBJECT_CONVERSION = YES_AGGRESSIVE;
				CLANG_CXX_LANGUAGE_STANDARD = "gnu++20";
				CLANG_ENABLE_MODULES = YES;
				CLANG_ENABLE_OBJC_ARC = YES;
				CLANG_ENABLE_OBJC_WEAK = YES;
				CLANG_WARN_BLOCK_CAPTURE_AUTORELEASING = YES;
				CLANG_WARN_BOOL_CONVERSION = YES;
				CLANG_WARN_COMMA = YES;
				CLANG_WARN_CONSTANT_CONVERSION = YES;
				CLANG_WARN_DEPRECATED_OBJC_IMPLEMENTATIONS = YES;
				CLANG_WARN_DIRECT_OBJC_ISA_USAGE = YES_ERROR;
				CLANG_WARN_DOCUMENTATION_COMMENTS = YES;
				CLANG_WARN_EMPTY_BODY = YES;
				CLANG_WARN_ENUM_CONVERSION = YES;
				CLANG_WARN_INFINITE_RECURSION = YES;
				CLANG_WARN_INT_CONVERSION = YES;
				CLANG_WARN_NON_LITERAL_NULL_CONVERSION = YES;
				CLANG_WARN_OBJC_IMPLICIT_RETAIN_SELF = YES;
				CLANG_WARN_OBJC_LITERAL_CONVERSION = YES;
				CLANG_WARN_OBJC_ROOT_CLASS = YES_ERROR;
				CLANG_WARN_QUOTED_INCLUDE_IN_FRAMEWORK_HEADER = YES;
				CLANG_WARN_RANGE_LOOP_ANALYSIS = YES;
				CLANG_WARN_STRICT_PROTOTYPES = YES;
				CLANG_WARN_SUSPICIOUS_MOVE = YES;
				CLANG_WARN_UNGUARDED_AVAILABILITY = YES_AGGRESSIVE;
				CLANG_WARN_UNREACHABLE_CODE = YES;
				CLANG_WARN__DUPLICATE_METHOD_MATCH = YES;
				COPY_PHASE_STRIP = NO;
				DEBUG_INFORMATION_FORMAT = "dwarf-with-dsym";
				ENABLE_NS_ASSERTIONS = NO;
				ENABLE_STRICT_OBJC_MSGSEND = YES;
				GCC_C_LANGUAGE_STANDARD = gnu11;
				GCC_NO_COMMON_BLOCKS = YES;
				GCC_WARN_64_TO_32_BIT_CONVERSION = YES;
				GCC_WARN_ABOUT_RETURN_TYPE = YES_ERROR;
				GCC_WARN_UNDECLARED_SELECTOR = YES;
				GCC_WARN_UNINITIALIZED_AUTOS = YES_AGGRESSIVE;
				GCC_WARN_UNUSED_FUNCTION = YES;
				GCC_WARN_UNUSED_VARIABLE = YES;
				IPHONEOS_DEPLOYMENT_TARGET = 16.2;
				MTL_ENABLE_DEBUG_INFO = NO;
				MTL_FAST_MATH = YES;
				SDKROOT = iphoneos;
				SWIFT_COMPILATION_MODE = wholemodule;
				SWIFT_OPTIMIZATION_LEVEL = "-O";
				VALIDATE_PRODUCT = YES;
			};
			name = Release;
		};
		1B39DF8129F1051300E63AD0 /* Debug */ = {
			isa = XCBuildConfiguration;
			buildSettings = {
				ASSETCATALOG_COMPILER_APPICON_NAME = AppIcon;
				ASSETCATALOG_COMPILER_GLOBAL_ACCENT_COLOR_NAME = AccentColor;
				CODE_SIGN_STYLE = Automatic;
				CURRENT_PROJECT_VERSION = 1;
				GENERATE_INFOPLIST_FILE = YES;
				INFOPLIST_FILE = AutoLayout/Resource/Info.plist;
				INFOPLIST_KEY_UIApplicationSupportsIndirectInputEvents = YES;
				INFOPLIST_KEY_UILaunchStoryboardName = LaunchScreen;
				INFOPLIST_KEY_UIMainStoryboardFile = Main;
				INFOPLIST_KEY_UISupportedInterfaceOrientations_iPad = "UIInterfaceOrientationPortrait UIInterfaceOrientationPortraitUpsideDown UIInterfaceOrientationLandscapeLeft UIInterfaceOrientationLandscapeRight";
				INFOPLIST_KEY_UISupportedInterfaceOrientations_iPhone = "UIInterfaceOrientationPortrait UIInterfaceOrientationLandscapeLeft UIInterfaceOrientationLandscapeRight";
				LD_RUNPATH_SEARCH_PATHS = (
					"$(inherited)",
					"@executable_path/Frameworks",
				);
				MARKETING_VERSION = 1.0;
				PRODUCT_BUNDLE_IDENTIFIER = com.simform.AutoLayout;
				PRODUCT_NAME = "$(TARGET_NAME)";
				SWIFT_EMIT_LOC_STRINGS = YES;
				SWIFT_VERSION = 5.0;
				TARGETED_DEVICE_FAMILY = "1,2";
			};
			name = Debug;
		};
		1B39DF8229F1051300E63AD0 /* Release */ = {
			isa = XCBuildConfiguration;
			buildSettings = {
				ASSETCATALOG_COMPILER_APPICON_NAME = AppIcon;
				ASSETCATALOG_COMPILER_GLOBAL_ACCENT_COLOR_NAME = AccentColor;
				CODE_SIGN_STYLE = Automatic;
				CURRENT_PROJECT_VERSION = 1;
				GENERATE_INFOPLIST_FILE = YES;
				INFOPLIST_FILE = AutoLayout/Resource/Info.plist;
				INFOPLIST_KEY_UIApplicationSupportsIndirectInputEvents = YES;
				INFOPLIST_KEY_UILaunchStoryboardName = LaunchScreen;
				INFOPLIST_KEY_UIMainStoryboardFile = Main;
				INFOPLIST_KEY_UISupportedInterfaceOrientations_iPad = "UIInterfaceOrientationPortrait UIInterfaceOrientationPortraitUpsideDown UIInterfaceOrientationLandscapeLeft UIInterfaceOrientationLandscapeRight";
				INFOPLIST_KEY_UISupportedInterfaceOrientations_iPhone = "UIInterfaceOrientationPortrait UIInterfaceOrientationLandscapeLeft UIInterfaceOrientationLandscapeRight";
				LD_RUNPATH_SEARCH_PATHS = (
					"$(inherited)",
					"@executable_path/Frameworks",
				);
				MARKETING_VERSION = 1.0;
				PRODUCT_BUNDLE_IDENTIFIER = com.simform.AutoLayout;
				PRODUCT_NAME = "$(TARGET_NAME)";
				SWIFT_EMIT_LOC_STRINGS = YES;
				SWIFT_VERSION = 5.0;
				TARGETED_DEVICE_FAMILY = "1,2";
			};
			name = Release;
		};
/* End XCBuildConfiguration section */

/* Begin XCConfigurationList section */
		1B39DF6729F1051200E63AD0 /* Build configuration list for PBXProject "AutoLayout" */ = {
			isa = XCConfigurationList;
			buildConfigurations = (
				1B39DF7E29F1051300E63AD0 /* Debug */,
				1B39DF7F29F1051300E63AD0 /* Release */,
			);
			defaultConfigurationIsVisible = 0;
			defaultConfigurationName = Release;
		};
		1B39DF8029F1051300E63AD0 /* Build configuration list for PBXNativeTarget "AutoLayout" */ = {
			isa = XCConfigurationList;
			buildConfigurations = (
				1B39DF8129F1051300E63AD0 /* Debug */,
				1B39DF8229F1051300E63AD0 /* Release */,
			);
			defaultConfigurationIsVisible = 0;
			defaultConfigurationName = Release;
		};
/* End XCConfigurationList section */
	};
	rootObject = 1B39DF6429F1051200E63AD0 /* Project object */;
}
